{
  "version": 4,
  "terraform_version": "1.14.5",
  "serial": 8,
  "lineage": "b1030940-e943-8366-74d3-f361fb3d9e17",
  "outputs": {
    "remote_state": {
      "value": {
        "bucket": "k8s-self-managed-503459125797-dev-tf-state",
        "dynamodb_table": "k8s-self-managed-503459125797-dev-tf-locks"
      },
      "type": [
        "object",
        {
          "bucket": "string",
          "dynamodb_table": "string"
        }
      ]
    }
  },
  "resources": [
    {
      "module": "module.remote_state",
      "mode": "managed",
      "type": "aws_dynamodb_table",
      "name": "tf_locks",
      "provider": "provider[\"registry.terraform.io/hashicorp/aws\"]",
      "instances": [
        {
          "schema_version": 1,
          "attributes": {
            "arn": "arn:aws:dynamodb:us-east-1:503459125797:table/k8s-self-managed-503459125797-dev-tf-locks",
            "attribute": [
              {
                "name": "LockID",
                "type": "S"
              }
            ],
            "billing_mode": "PAY_PER_REQUEST",
            "deletion_protection_enabled": false,
            "global_secondary_index": [],
            "global_table_witness": [],
            "hash_key": "LockID",
            "id": "k8s-self-managed-503459125797-dev-tf-locks",
            "import_table": [],
            "local_secondary_index": [],
            "name": "k8s-self-managed-503459125797-dev-tf-locks",
            "on_demand_throughput": [],
            "point_in_time_recovery": [
              {
                "enabled": false,
                "recovery_period_in_days": 0
              }
            ],
            "range_key": null,
            "read_capacity": 0,
            "region": "us-east-1",
            "replica": [],
            "restore_backup_arn": null,
            "restore_date_time": null,
            "restore_source_name": null,
            "restore_source_table_arn": null,
            "restore_to_latest_time": null,
            "server_side_encryption": [],
            "stream_arn": "",
            "stream_enabled": false,
            "stream_label": "",
            "stream_view_type": "",
            "table_class": "STANDARD",
            "tags": null,
            "tags_all": {},
            "timeouts": null,
            "ttl": [
              {
                "attribute_name": "",
                "enabled": false
              }
            ],
            "warm_throughput": [],
            "write_capacity": 0
          },
          "sensitive_attributes": [],
          "identity_schema_version": 0,
          "identity": {
            "account_id": "503459125797",
            "name": "k8s-self-managed-503459125797-dev-tf-locks",
            "region": "us-east-1"
          },
          "private": "eyJlMmJmYjczMC1lY2FhLTExZTYtOGY4OC0zNDM2M2JjN2M0YzAiOnsiY3JlYXRlIjoxODAwMDAwMDAwMDAwLCJkZWxldGUiOjYwMDAwMDAwMDAwMCwidXBkYXRlIjozNjAwMDAwMDAwMDAwfSwic2NoZW1hX3ZlcnNpb24iOiIxIn0="
        }
      ]
    },
    {
      "module": "module.remote_state",
      "mode": "managed",
      "type": "aws_s3_bucket",
      "name": "tf_state",
      "provider": "provider[\"registry.terraform.io/hashicorp/aws\"]",
      "instances": [
        {
          "schema_version": 0,
          "attributes": {
            "acceleration_status": "",
            "acl": null,
            "arn": "arn:aws:s3:::k8s-self-managed-503459125797-dev-tf-state",
            "bucket": "k8s-self-managed-503459125797-dev-tf-state",
            "bucket_domain_name": "k8s-self-managed-503459125797-dev-tf-state.s3.amazonaws.com",
            "bucket_namespace": "global",
            "bucket_prefix": "",
            "bucket_region": "us-east-1",
            "bucket_regional_domain_name": "k8s-self-managed-503459125797-dev-tf-state.s3.us-east-1.amazonaws.com",
            "cors_rule": [],
            "force_destroy": false,
            "grant": [
              {
                "id": "790ec1668fefb26fa2159fb8679aa31240f475b152c7c6392f58215685b7c315",
                "permissions": [
                  "FULL_CONTROL"
                ],
                "type": "CanonicalUser",
                "uri": ""
              }
            ],
            "hosted_zone_id": "Z3AQBSTGFYJSTF",
            "id": "k8s-self-managed-503459125797-dev-tf-state",
            "lifecycle_rule": [],
            "logging": [],
            "object_lock_configuration": [],
            "object_lock_enabled": false,
            "policy": "",
            "region": "us-east-1",
            "replication_configuration": [],
            "request_payer": "BucketOwner",
            "server_side_encryption_configuration": [
              {
                "rule": [
                  {
                    "apply_server_side_encryption_by_default": [
                      {
                        "kms_master_key_id": "",
                        "sse_algorithm": "AES256"
                      }
                    ],
                    "bucket_key_enabled": false
                  }
                ]
              }
            ],
            "tags": null,
            "tags_all": {},
            "timeouts": null,
            "versioning": [
              {
                "enabled": false,
                "mfa_delete": false
              }
            ],
            "website": [],
            "website_domain": null,
            "website_endpoint": null
          },
          "sensitive_attributes": [],
          "identity_schema_version": 0,
          "identity": {
            "account_id": "503459125797",
            "bucket": "k8s-self-managed-503459125797-dev-tf-state",
            "region": "us-east-1"
          },
          "private": "eyJlMmJmYjczMC1lY2FhLTExZTYtOGY4OC0zNDM2M2JjN2M0YzAiOnsiY3JlYXRlIjoxMjAwMDAwMDAwMDAwLCJkZWxldGUiOjM2MDAwMDAwMDAwMDAsInJlYWQiOjEyMDAwMDAwMDAwMDAsInVwZGF0ZSI6MTIwMDAwMDAwMDAwMH19"
        }
      ]
    },
    {
      "module": "module.remote_state",
      "mode": "managed",
      "type": "aws_s3_bucket_public_access_block",
      "name": "tf_state",
      "provider": "provider[\"registry.terraform.io/hashicorp/aws\"]",
      "instances": [
        {
          "schema_version": 0,
          "attributes": {
            "block_public_acls": true,
            "block_public_policy": true,
            "bucket": "k8s-self-managed-503459125797-dev-tf-state",
            "id": "k8s-self-managed-503459125797-dev-tf-state",
            "ignore_public_acls": true,
            "region": "us-east-1",
            "restrict_public_buckets": true,
            "skip_destroy": null
          },
          "sensitive_attributes": [],
          "identity_schema_version": 0,
          "identity": {
            "account_id": "503459125797",
            "bucket": "k8s-self-managed-503459125797-dev-tf-state",
            "region": "us-east-1"
          },
          "private": "bnVsbA==",
          "dependencies": [
            "module.remote_state.aws_s3_bucket.tf_state"
          ]
        }
      ]
    },
    {
      "module": "module.remote_state",
      "mode": "managed",
      "type": "aws_s3_bucket_server_side_encryption_configuration",
      "name": "tf_state",
      "provider": "provider[\"registry.terraform.io/hashicorp/aws\"]",
      "instances": [
        {
          "schema_version": 0,
          "attributes": {
            "bucket": "k8s-self-managed-503459125797-dev-tf-state",
            "expected_bucket_owner": "",
            "id": "k8s-self-managed-503459125797-dev-tf-state",
            "region": "us-east-1",
            "rule": [
              {
                "apply_server_side_encryption_by_default": [
                  {
                    "kms_master_key_id": "",
                    "sse_algorithm": "AES256"
                  }
                ],
                "blocked_encryption_types": [
                  "SSE-C"
                ],
                "bucket_key_enabled": false
              }
            ]
          },
          "sensitive_attributes": [],
          "identity_schema_version": 1,
          "identity": {
            "account_id": "503459125797",
            "bucket": "k8s-self-managed-503459125797-dev-tf-state",
            "region": "us-east-1"
          },
          "private": "bnVsbA==",
          "dependencies": [
            "module.remote_state.aws_s3_bucket.tf_state"
          ]
        }
      ]
    },
    {
      "module": "module.remote_state",
      "mode": "managed",
      "type": "aws_s3_bucket_versioning",
      "name": "tf_state",
      "provider": "provider[\"registry.terraform.io/hashicorp/aws\"]",
      "instances": [
        {
          "schema_version": 0,
          "attributes": {
            "bucket": "k8s-self-managed-503459125797-dev-tf-state",
            "expected_bucket_owner": "",
            "id": "k8s-self-managed-503459125797-dev-tf-state",
            "mfa": null,
            "region": "us-east-1",
            "versioning_configuration": [
              {
                "mfa_delete": "",
                "status": "Enabled"
              }
            ]
          },
          "sensitive_attributes": [],
          "identity_schema_version": 1,
          "identity": {
            "account_id": "503459125797",
            "bucket": "k8s-self-managed-503459125797-dev-tf-state",
            "region": "us-east-1"
          },
          "private": "bnVsbA==",
          "dependencies": [
            "module.remote_state.aws_s3_bucket.tf_state"
          ]
        }
      ]
    }
  ],
  "check_results": null
}
